
Microsoft Visual Studio Solution File, Format Version 12.00
# Visual Studio 15
VisualStudioVersion = 15.0.27428.2027
MinimumVisualStudioVersion = 10.0.40219.1
Project("{FAE04EC0-301F-11D3-BF4B-00C04F79EFBC}") = "LinqProblem", "LinqProblem\LinqProblem.csproj", "{6CF8F5FC-E83E-4D04-A172-ADD97B6005DB}"
EndProject
Global
	GlobalSection(SolutionConfigurationPlatforms) = preSolution
		Debug|Any CPU = Debug|Any CPU
		Release|Any CPU = Release|Any CPU
	EndGlobalSection
	GlobalSection(ProjectConfigurationPlatforms) = postSolution
		{6CF8F5FC-E83E-4D04-A172-ADD97B6005DB}.Debug|Any CPU.ActiveCfg = Debug|Any CPU
		{6CF8F5FC-E83E-4D04-A172-ADD97B6005DB}.Debug|Any CPU.Build.0 = Debug|Any CPU
		{6CF8F5FC-E83E-4D04-A172-ADD97B6005DB}.Release|Any CPU.ActiveCfg = Release|Any CPU
		{6CF8F5FC-E83E-4D04-A172-ADD97B6005DB}.Release|Any CPU.Build.0 = Release|Any CPU
	EndGlobalSection
	GlobalSection(SolutionProperties) = preSolution
		HideSolutionNode = FALSE
	EndGlobalSection
	GlobalSection(ExtensibilityGlobals) = postSolution
		SolutionGuid = {BFFAD415-8224-4FBA-9DEE-8F797D9D0CC5}
	EndGlobalSection
EndGlobal
